
Microsoft Visual Studio Solution File, Format Version 12.00
# Visual Studio Version 17
VisualStudioVersion = 17.2.32616.157
MinimumVisualStudioVersion = 10.0.40219.1
Project("{FAE04EC0-301F-11D3-BF4B-00C04F79EFBC}") = "simpleApp", "simpleApp\simpleApp.csproj", "{3F44840A-E52C-4C04-A17F-33A5B2CC8496}"
EndProject
Global
	GlobalSection(SolutionConfigurationPlatforms) = preSolution
		Debug|Any CPU = Debug|Any CPU
		Release|Any CPU = Release|Any CPU
	EndGlobalSection
	GlobalSection(ProjectConfigurationPlatforms) = postSolution
		{3F44840A-E52C-4C04-A17F-33A5B2CC8496}.Debug|Any CPU.ActiveCfg = Debug|Any CPU
		{3F44840A-E52C-4C04-A17F-33A5B2CC8496}.Debug|Any CPU.Build.0 = Debug|Any CPU
		{3F44840A-E52C-4C04-A17F-33A5B2CC8496}.Release|Any CPU.ActiveCfg = Release|Any CPU
		{3F44840A-E52C-4C04-A17F-33A5B2CC8496}.Release|Any CPU.Build.0 = Release|Any CPU
	EndGlobalSection
	GlobalSection(SolutionProperties) = preSolution
		HideSolutionNode = FALSE
	EndGlobalSection
	GlobalSection(ExtensibilityGlobals) = postSolution
		SolutionGuid = {B267A6A5-A464-476C-95AE-D1FC582C2D56}
	EndGlobalSection
EndGlobal
